
Microsoft Visual Studio Solution File, Format Version 12.00
# Visual Studio Version 16
VisualStudioVersion = 16.0.30717.126
MinimumVisualStudioVersion = 10.0.40219.1
Project("{FAE04EC0-301F-11D3-BF4B-00C04F79EFBC}") = "Rithmschool.Api", "Rithmschool.Api\Rithmschool.Api.csproj", "{902A54DD-10A9-4789-8204-FE1AD89631A0}"
EndProject
Project("{FAE04EC0-301F-11D3-BF4B-00C04F79EFBC}") = "Rithmschool.Infrastructure", "Rithmschool.Infrastructure\Rithmschool.Infrastructure.csproj", "{33BD1DA4-EC48-4026-979E-9AD2B52078F7}"
EndProject
Project("{FAE04EC0-301F-11D3-BF4B-00C04F79EFBC}") = "Rithmschool.Core", "Rithmschool.Core\Rithmschool.Core.csproj", "{3BE90263-4E27-4B3A-B3FA-55D444EC1DAF}"
EndProject
Global
	GlobalSection(SolutionConfigurationPlatforms) = preSolution
		Debug|Any CPU = Debug|Any CPU
		Release|Any CPU = Release|Any CPU
	EndGlobalSection
	GlobalSection(ProjectConfigurationPlatforms) = postSolution
		{902A54DD-10A9-4789-8204-FE1AD89631A0}.Debug|Any CPU.ActiveCfg = Debug|Any CPU
		{902A54DD-10A9-4789-8204-FE1AD89631A0}.Debug|Any CPU.Build.0 = Debug|Any CPU
		{902A54DD-10A9-4789-8204-FE1AD89631A0}.Release|Any CPU.ActiveCfg = Release|Any CPU
		{902A54DD-10A9-4789-8204-FE1AD89631A0}.Release|Any CPU.Build.0 = Release|Any CPU
		{33BD1DA4-EC48-4026-979E-9AD2B52078F7}.Debug|Any CPU.ActiveCfg = Debug|Any CPU
		{33BD1DA4-EC48-4026-979E-9AD2B52078F7}.Debug|Any CPU.Build.0 = Debug|Any CPU
		{33BD1DA4-EC48-4026-979E-9AD2B52078F7}.Release|Any CPU.ActiveCfg = Release|Any CPU
		{33BD1DA4-EC48-4026-979E-9AD2B52078F7}.Release|Any CPU.Build.0 = Release|Any CPU
		{3BE90263-4E27-4B3A-B3FA-55D444EC1DAF}.Debug|Any CPU.ActiveCfg = Debug|Any CPU
		{3BE90263-4E27-4B3A-B3FA-55D444EC1DAF}.Debug|Any CPU.Build.0 = Debug|Any CPU
		{3BE90263-4E27-4B3A-B3FA-55D444EC1DAF}.Release|Any CPU.ActiveCfg = Release|Any CPU
		{3BE90263-4E27-4B3A-B3FA-55D444EC1DAF}.Release|Any CPU.Build.0 = Release|Any CPU
	EndGlobalSection
	GlobalSection(SolutionProperties) = preSolution
		HideSolutionNode = FALSE
	EndGlobalSection
	GlobalSection(ExtensibilityGlobals) = postSolution
		SolutionGuid = {7D3C398C-C241-463E-81B8-2D91858764A1}
	EndGlobalSection
EndGlobal
